
Microsoft Visual Studio Solution File, Format Version 12.00
# Visual Studio 15
VisualStudioVersion = 15.0.28307.1525
MinimumVisualStudioVersion = 10.0.40219.1
Project("{FAE04EC0-301F-11D3-BF4B-00C04F79EFBC}") = "EdgeHTMLBrowser", "EdgeHTMLBrowser\EdgeHTMLBrowser.csproj", "{7DBC7DBA-C400-43DD-A651-F3E20C0F5D82}"
EndProject
Global
	GlobalSection(SolutionConfigurationPlatforms) = preSolution
		Debug|Any CPU = Debug|Any CPU
		Release|Any CPU = Release|Any CPU
	EndGlobalSection
	GlobalSection(ProjectConfigurationPlatforms) = postSolution
		{7DBC7DBA-C400-43DD-A651-F3E20C0F5D82}.Debug|Any CPU.ActiveCfg = Debug|Any CPU
		{7DBC7DBA-C400-43DD-A651-F3E20C0F5D82}.Debug|Any CPU.Build.0 = Debug|Any CPU
		{7DBC7DBA-C400-43DD-A651-F3E20C0F5D82}.Release|Any CPU.ActiveCfg = Release|Any CPU
		{7DBC7DBA-C400-43DD-A651-F3E20C0F5D82}.Release|Any CPU.Build.0 = Release|Any CPU
	EndGlobalSection
	GlobalSection(SolutionProperties) = preSolution
		HideSolutionNode = FALSE
	EndGlobalSection
	GlobalSection(ExtensibilityGlobals) = postSolution
		SolutionGuid = {747FE6A3-0E43-4AD3-AEA0-26235299B5AB}
	EndGlobalSection
EndGlobal
